# This file was autogenerated by uv via the following command:
#    uv pip compile packaging\requirements\build-win-x64.in --generate-hashes --only-binary :all: --python 3.12 --python-platform windows --output-file packaging\requirements\build-win-x64.lock
altgraph==0.17.5 \
    --hash=sha256:c87b395dd12fabde9c99573a9749d67da8d29ef9de0125c7f536699b4a9bc9e7 \
    --hash=sha256:f3a22400bce1b0c701683820ac4f3b159cd301acab067c51c653e06961600597
    # via pyinstaller
packaging==26.3 \
    --hash=sha256:94edc256424af38762eb31306eed28beb9f0efc50a8837492c9d6fd6004aed79 \
    --hash=sha256:d7193f7c8e4e93f444fde0262bf90af30e16fa0ad0ad44cb553c87339b23cd1c
    # via
    #   pyinstaller
    #   pyinstaller-hooks-contrib
pefile==2024.8.26 \
    --hash=sha256:3ff6c5d8b43e8c37bb6e6dd5085658d658a7a0bdcd20b6a07b1fcfc1c4e9d632 \
    --hash=sha256:76f8b485dcd3b1bb8166f1128d395fa3d87af26360c2358fb75b80019b957c6f
    # via pyinstaller
pyinstaller==6.22.2 \
    --hash=sha256:0260eaad6be3f6fbc1affffe6dc7b8e5b636dbca51b463224daba971610b6fc1 \
    --hash=sha256:06d7b3827a8049db4a2d47e3ec4ae2f69a1041577d8833b8f169745cde573ab4 \
    --hash=sha256:7bee432404eca5dc3ef37c36811c266561b03988f6d3e70ab0fa5352dd5de9e4 \
    --hash=sha256:89b65a3ad07d9dd5832253e37bc45f31872d10d7f9d5c9fd0fdd6088a83829dd \
    --hash=sha256:8c2c4b14caad38c1f3df8e9bf5276fc265e27fe8b4180cab4a37864288427bc0 \
    --hash=sha256:9622686ecc5d5fa492fe6cde29d47df9dd41138cff8177be9f901ca3260f2096 \
    --hash=sha256:9a078877caa3920558a3242d0a7019fe5b825cff4b65ed380c7d1e1bd200ddd9 \
    --hash=sha256:9b990fa6bbe143572f06644a984ad0d7aa2e2ccc6929d4916031343a5888e9a7 \
    --hash=sha256:afb6f9a95d19b6dcd3a7decc40d9adb6ba9c4f8802ddd6c972dfb552953f384e \
    --hash=sha256:becb47ad78272bede87acf2ed830d7545a8f65ab11d06a68fe2b99ba1afaac6d \
    --hash=sha256:ebd1b1ca932d7cf25d7366ce691aaf79a5ff9425811ed7328b5116e4471b6d6d \
    --hash=sha256:f5ccb847451df4207bce18bf53a57b124c9bb4e7e4bad08c5ecc627bcf00b28c
    # via -r packaging/requirements/build-win-x64.in
pyinstaller-hooks-contrib==2026.6 \
    --hash=sha256:bef5002c32f4f50bd55b005da12cff64eca8783e7eaf86a06a62410164bab725 \
    --hash=sha256:fd13b8ac126b35361175edacd41a0d97080b75dd5f4b594ecefefff969509dd3
    # via
    #   -r packaging/requirements/build-win-x64.in
    #   pyinstaller
pywin32-ctypes==0.2.3 \
    --hash=sha256:8a1513379d709975552d202d942d9837758905c8d01eb82b8bcc30918929e7b8 \
    --hash=sha256:d162dc04946d704503b2edc4d55f3dba5c1d539ead017afa00142c38b9885755
    # via pyinstaller
setuptools==84.0.0 \
    --hash=sha256:51a52592b3b99e102b609654876bd65f19f999935166d1352678931132b0c670 \
    --hash=sha256:f4695c21257f0d9b537ec2692c941d02ee143b7cc1276941349a546573b2ef73
    # via pyinstaller
uv==0.11.33 \
    --hash=sha256:2a8506f558e08498c0d80857c356452d14048eddfcc7bc20ec9f201b3011eaaf \
    --hash=sha256:3242c8bc708b75fb72687c9a24f0e6f47c2004a3d82d32a81b06e17822708c28 \
    --hash=sha256:36a98c68ba5c3bb59469414f54aaf00bd3134a647ca34509bc53d133ed8e0b5d \
    --hash=sha256:3cb5b325c58a9ee5febfedf4895e0c48cc7d22d801d1b23a4b8335f16508d0da \
    --hash=sha256:521229afa69ad5f57127de800120cb2bea1ac729a05a0851aaf920124f8edf66 \
    --hash=sha256:686ed8c8d9e76eb9259e7f7db627ea836420d9a5e013b169c41398bcd28ee948 \
    --hash=sha256:70826563c7617efbf7244946354628253e4ea63d72cb1d35b98be4896c4530fd \
    --hash=sha256:71d00a28beb3924c593ba7ec248263679ae1f7c0f63a8cccc75e7d11ccb2adce \
    --hash=sha256:8017991a398a55d177c33ecdb29beb33e7b53969921183e4681e3e5b278d73c2 \
    --hash=sha256:923874411bc0bbf5d1de16cdb14a7800d696d6c6e774eb1b202966243c6d507b \
    --hash=sha256:94fb388a86cf6c2f2610b427f1bf0897bc0f2771a869da41433e17f7d21a1a41 \
    --hash=sha256:9542178978b0b6f16a7ae99e55aca039f493a1edb373a15d7993eab80a28615a \
    --hash=sha256:a4411bf854f5fe3d4b78d37dd2e4b84e0b99fbb0bd185de1511a8515404e04a8 \
    --hash=sha256:ab9ee61ed9c7c843b52795a96733e109cec831cd3250d73d291bccbb90a81999 \
    --hash=sha256:ad74bd02a236417df9766b913c2613a7c3db0ef071c4c2390d28e5005be3e4b2 \
    --hash=sha256:c1ca9b0b51cd89310f87f1fc0bf9d9c6fdb64be516fe3e409817662ec3d9378f \
    --hash=sha256:d629531a4e8f7cd76d861ec2e0035faef2675036a084d0a5b35dad5025ec62aa \
    --hash=sha256:e00f371e1affe3fac88f9f1afab31139c8199ecf8df7b1a37554f83629fd7eab \
    --hash=sha256:f4196584a7f7fbfef3dde1b1a0454c174399bd96071cdfb066c263a798a4524e
    # via -r packaging/requirements/build-win-x64.in
